
Microsoft Visual Studio Solution File, Format Version 12.00
Project("{FAE04EC0-301F-11D3-BF4B-00C04F79EFBC}") = "XUiLib.Domain", "XUiLib.Domain\XUiLib.Domain.csproj", "{9EDBA65F-1267-4E93-AE4E-0532C1CE3582}"
EndProject
Project("{FAE04EC0-301F-11D3-BF4B-00C04F79EFBC}") = "XUiLib.Application", "XUiLib.Application\XUiLib.Application.csproj", "{DD5359E2-D917-49D8-85AE-E1773B005E44}"
EndProject
Project("{FAE04EC0-301F-11D3-BF4B-00C04F79EFBC}") = "XUiLib.Infrastructure", "XUiLib.Infrastructure\XUiLib.Infrastructure.csproj", "{369EEFB6-6C56-42D8-ABB4-0C06B969C571}"
EndProject
Project("{FAE04EC0-301F-11D3-BF4B-00C04F79EFBC}") = "XUiLib", "XUiLib\XUiLib.csproj", "{10A8B946-1F63-4E71-836D-9A6A962FCC8E}"
EndProject
Global
	GlobalSection(SolutionConfigurationPlatforms) = preSolution
		Debug|Any CPU = Debug|Any CPU
		Release|Any CPU = Release|Any CPU
	EndGlobalSection
	GlobalSection(ProjectConfigurationPlatforms) = postSolution
		{9EDBA65F-1267-4E93-AE4E-0532C1CE3582}.Debug|Any CPU.ActiveCfg = Debug|Any CPU
		{9EDBA65F-1267-4E93-AE4E-0532C1CE3582}.Debug|Any CPU.Build.0 = Debug|Any CPU
		{9EDBA65F-1267-4E93-AE4E-0532C1CE3582}.Release|Any CPU.ActiveCfg = Release|Any CPU
		{9EDBA65F-1267-4E93-AE4E-0532C1CE3582}.Release|Any CPU.Build.0 = Release|Any CPU
		{DD5359E2-D917-49D8-85AE-E1773B005E44}.Debug|Any CPU.ActiveCfg = Debug|Any CPU
		{DD5359E2-D917-49D8-85AE-E1773B005E44}.Debug|Any CPU.Build.0 = Debug|Any CPU
		{DD5359E2-D917-49D8-85AE-E1773B005E44}.Release|Any CPU.ActiveCfg = Release|Any CPU
		{DD5359E2-D917-49D8-85AE-E1773B005E44}.Release|Any CPU.Build.0 = Release|Any CPU
		{369EEFB6-6C56-42D8-ABB4-0C06B969C571}.Debug|Any CPU.ActiveCfg = Debug|Any CPU
		{369EEFB6-6C56-42D8-ABB4-0C06B969C571}.Debug|Any CPU.Build.0 = Debug|Any CPU
		{369EEFB6-6C56-42D8-ABB4-0C06B969C571}.Release|Any CPU.ActiveCfg = Release|Any CPU
		{369EEFB6-6C56-42D8-ABB4-0C06B969C571}.Release|Any CPU.Build.0 = Release|Any CPU
		{10A8B946-1F63-4E71-836D-9A6A962FCC8E}.Debug|Any CPU.ActiveCfg = Debug|Any CPU
		{10A8B946-1F63-4E71-836D-9A6A962FCC8E}.Debug|Any CPU.Build.0 = Debug|Any CPU
		{10A8B946-1F63-4E71-836D-9A6A962FCC8E}.Release|Any CPU.ActiveCfg = Release|Any CPU
		{10A8B946-1F63-4E71-836D-9A6A962FCC8E}.Release|Any CPU.Build.0 = Release|Any CPU
	EndGlobalSection
EndGlobal
